// !$*UTF8*$!
{
	archiveVersion = 1;
	classes = {
	};
	objectVersion = 55;
	objects = {

/* Begin PBXBuildFile section */
		551EC69927FA3F3C004E92E3 /* AppDelegate.swift in Sources */ = {isa = PBXBuildFile; fileRef = 551EC69827FA3F3C004E92E3 /* AppDelegate.swift */; };
		551EC69B27FA3F3C004E92E3 /* SceneDelegate.swift in Sources */ = {isa = PBXBuildFile; fileRef = 551EC69A27FA3F3C004E92E3 /* SceneDelegate.swift */; };
		551EC69D27FA3F3C004E92E3 /* NewsViewController.swift in Sources */ = {isa = PBXBuildFile; fileRef = 551EC69C27FA3F3C004E92E3 /* NewsViewController.swift */; };
		551EC6A027FA3F3C004E92E3 /* Main.storyboard in Resources */ = {isa = PBXBuildFile; fileRef = 551EC69E27FA3F3C004E92E3 /* Main.storyboard */; };
		551EC6A227FA3F3E004E92E3 /* Assets.xcassets in Resources */ = {isa = PBXBuildFile; fileRef = 551EC6A127FA3F3E004E92E3 /* Assets.xcassets */; };
		551EC6A527FA3F3E004E92E3 /* LaunchScreen.storyboard in Resources */ = {isa = PBXBuildFile; fileRef = 551EC6A327FA3F3E004E92E3 /* LaunchScreen.storyboard */; };
		551EC6B027FA3F3F004E92E3 /* SampleNewsAppTests.swift in Sources */ = {isa = PBXBuildFile; fileRef = 551EC6AF27FA3F3F004E92E3 /* SampleNewsAppTests.swift */; };
		551EC6BA27FA3F3F004E92E3 /* SampleNewsAppUITests.swift in Sources */ = {isa = PBXBuildFile; fileRef = 551EC6B927FA3F3F004E92E3 /* SampleNewsAppUITests.swift */; };
		551EC6BC27FA3F3F004E92E3 /* SampleNewsAppUITestsLaunchTests.swift in Sources */ = {isa = PBXBuildFile; fileRef = 551EC6BB27FA3F3F004E92E3 /* SampleNewsAppUITestsLaunchTests.swift */; };
		551EC6D627FA4984004E92E3 /* NewsTableViewCell.swift in Sources */ = {isa = PBXBuildFile; fileRef = 551EC6D427FA4984004E92E3 /* NewsTableViewCell.swift */; };
		551EC6D727FA4984004E92E3 /* NewsTableViewCell.swift in Sources */ = {isa = PBXBuildFile; fileRef = 551EC6D427FA4984004E92E3 /* NewsTableViewCell.swift */; };
		551EC6D827FA4984004E92E3 /* NewsTableViewCell.swift in Sources */ = {isa = PBXBuildFile; fileRef = 551EC6D427FA4984004E92E3 /* NewsTableViewCell.swift */; };
		551EC6D927FA4984004E92E3 /* NewsTableViewCell.xib in Resources */ = {isa = PBXBuildFile; fileRef = 551EC6D527FA4984004E92E3 /* NewsTableViewCell.xib */; };
		551EC6DA27FA4984004E92E3 /* NewsTableViewCell.xib in Resources */ = {isa = PBXBuildFile; fileRef = 551EC6D527FA4984004E92E3 /* NewsTableViewCell.xib */; };
		551EC6DB27FA4984004E92E3 /* NewsTableViewCell.xib in Resources */ = {isa = PBXBuildFile; fileRef = 551EC6D527FA4984004E92E3 /* NewsTableViewCell.xib */; };
		551EC6DC27FA4C17004E92E3 /* Main.storyboard in Resources */ = {isa = PBXBuildFile; fileRef = 551EC69E27FA3F3C004E92E3 /* Main.storyboard */; };
		551EC6DD27FA4C18004E92E3 /* Main.storyboard in Resources */ = {isa = PBXBuildFile; fileRef = 551EC69E27FA3F3C004E92E3 /* Main.storyboard */; };
		551EC6DF27FA4F69004E92E3 /* NewsViewController+TableView.swift in Sources */ = {isa = PBXBuildFile; fileRef = 551EC6DE27FA4F69004E92E3 /* NewsViewController+TableView.swift */; };
		55FC96CB27FB735800DA2090 /* String+Ext.swift in Sources */ = {isa = PBXBuildFile; fileRef = 55FC96CA27FB735800DA2090 /* String+Ext.swift */; };
		55FC96CC27FB735800DA2090 /* String+Ext.swift in Sources */ = {isa = PBXBuildFile; fileRef = 55FC96CA27FB735800DA2090 /* String+Ext.swift */; };
		55FC96CD27FB735800DA2090 /* String+Ext.swift in Sources */ = {isa = PBXBuildFile; fileRef = 55FC96CA27FB735800DA2090 /* String+Ext.swift */; };
		55FC96CF27FB737900DA2090 /* NewsModel.swift in Sources */ = {isa = PBXBuildFile; fileRef = 55FC96CE27FB737900DA2090 /* NewsModel.swift */; };
		55FC96D027FB737900DA2090 /* NewsModel.swift in Sources */ = {isa = PBXBuildFile; fileRef = 55FC96CE27FB737900DA2090 /* NewsModel.swift */; };
		55FC96D127FB737900DA2090 /* NewsModel.swift in Sources */ = {isa = PBXBuildFile; fileRef = 55FC96CE27FB737900DA2090 /* NewsModel.swift */; };
		55FC96D327FB739C00DA2090 /* ServiceManager.swift in Sources */ = {isa = PBXBuildFile; fileRef = 55FC96D227FB739C00DA2090 /* ServiceManager.swift */; };
		55FC96D427FB739C00DA2090 /* ServiceManager.swift in Sources */ = {isa = PBXBuildFile; fileRef = 55FC96D227FB739C00DA2090 /* ServiceManager.swift */; };
		55FC96D527FB739C00DA2090 /* ServiceManager.swift in Sources */ = {isa = PBXBuildFile; fileRef = 55FC96D227FB739C00DA2090 /* ServiceManager.swift */; };
		55FC96D827FB748400DA2090 /* NewsViewModel.swift in Sources */ = {isa = PBXBuildFile; fileRef = 55FC96D727FB748400DA2090 /* NewsViewModel.swift */; };
		55FC96D927FB748400DA2090 /* NewsViewModel.swift in Sources */ = {isa = PBXBuildFile; fileRef = 55FC96D727FB748400DA2090 /* NewsViewModel.swift */; };
		55FC96DA27FB748400DA2090 /* NewsViewModel.swift in Sources */ = {isa = PBXBuildFile; fileRef = 55FC96D727FB748400DA2090 /* NewsViewModel.swift */; };
		55FC96DC27FB959D00DA2090 /* UIImageView+Ext.swift in Sources */ = {isa = PBXBuildFile; fileRef = 55FC96DB27FB959D00DA2090 /* UIImageView+Ext.swift */; };
		55FC96DD27FB959D00DA2090 /* UIImageView+Ext.swift in Sources */ = {isa = PBXBuildFile; fileRef = 55FC96DB27FB959D00DA2090 /* UIImageView+Ext.swift */; };
		55FC96DE27FB959D00DA2090 /* UIImageView+Ext.swift in Sources */ = {isa = PBXBuildFile; fileRef = 55FC96DB27FB959D00DA2090 /* UIImageView+Ext.swift */; };
/* End PBXBuildFile section */

/* Begin PBXContainerItemProxy section */
		551EC6AC27FA3F3F004E92E3 /* PBXContainerItemProxy */ = {
			isa = PBXContainerItemProxy;
			containerPortal = 551EC68D27FA3F3C004E92E3 /* Project object */;
			proxyType = 1;
			remoteGlobalIDString = 551EC69427FA3F3C004E92E3;
			remoteInfo = SampleNewsApp;
		};
		551EC6B627FA3F3F004E92E3 /* PBXContainerItemProxy */ = {
			isa = PBXContainerItemProxy;
			containerPortal = 551EC68D27FA3F3C004E92E3 /* Project object */;
			proxyType = 1;
			remoteGlobalIDString = 551EC69427FA3F3C004E92E3;
			remoteInfo = SampleNewsApp;
		};
/* End PBXContainerItemProxy section */

/* Begin PBXFileReference section */
		551EC69527FA3F3C004E92E3 /* SampleNewsApp.app */ = {isa = PBXFileReference; explicitFileType = wrapper.application; includeInIndex = 0; path = SampleNewsApp.app; sourceTree = BUILT_PRODUCTS_DIR; };
		551EC69827FA3F3C004E92E3 /* AppDelegate.swift */ = {isa = PBXFileReference; lastKnownFileType = sourcecode.swift; path = AppDelegate.swift; sourceTree = "<group>"; };
		551EC69A27FA3F3C004E92E3 /* SceneDelegate.swift */ = {isa = PBXFileReference; lastKnownFileType = sourcecode.swift; path = SceneDelegate.swift; sourceTree = "<group>"; };
		551EC69C27FA3F3C004E92E3 /* NewsViewController.swift */ = {isa = PBXFileReference; lastKnownFileType = sourcecode.swift; path = NewsViewController.swift; sourceTree = "<group>"; };
		551EC69F27FA3F3C004E92E3 /* Base */ = {isa = PBXFileReference; lastKnownFileType = file.storyboard; name = Base; path = Base.lproj/Main.storyboard; sourceTree = "<group>"; };
		551EC6A127FA3F3E004E92E3 /* Assets.xcassets */ = {isa = PBXFileReference; lastKnownFileType = folder.assetcatalog; path = Assets.xcassets; sourceTree = "<group>"; };
		551EC6A427FA3F3E004E92E3 /* Base */ = {isa = PBXFileReference; lastKnownFileType = file.storyboard; name = Base; path = Base.lproj/LaunchScreen.storyboard; sourceTree = "<group>"; };
		551EC6A627FA3F3E004E92E3 /* Info.plist */ = {isa = PBXFileReference; lastKnownFileType = text.plist.xml; path = Info.plist; sourceTree = "<group>"; };
		551EC6AB27FA3F3F004E92E3 /* SampleNewsAppTests.xctest */ = {isa = PBXFileReference; explicitFileType = wrapper.cfbundle; includeInIndex = 0; path = SampleNewsAppTests.xctest; sourceTree = BUILT_PRODUCTS_DIR; };
		551EC6AF27FA3F3F004E92E3 /* SampleNewsAppTests.swift */ = {isa = PBXFileReference; lastKnownFileType = sourcecode.swift; path = SampleNewsAppTests.swift; sourceTree = "<group>"; };
		551EC6B527FA3F3F004E92E3 /* SampleNewsAppUITests.xctest */ = {isa = PBXFileReference; explicitFileType = wrapper.cfbundle; includeInIndex = 0; path = SampleNewsAppUITests.xctest; sourceTree = BUILT_PRODUCTS_DIR; };
		551EC6B927FA3F3F004E92E3 /* SampleNewsAppUITests.swift */ = {isa = PBXFileReference; lastKnownFileType = sourcecode.swift; path = SampleNewsAppUITests.swift; sourceTree = "<group>"; };
		551EC6BB27FA3F3F004E92E3 /* SampleNewsAppUITestsLaunchTests.swift */ = {isa = PBXFileReference; lastKnownFileType = sourcecode.swift; path = SampleNewsAppUITestsLaunchTests.swift; sourceTree = "<group>"; };
		551EC6D427FA4984004E92E3 /* NewsTableViewCell.swift */ = {isa = PBXFileReference; lastKnownFileType = sourcecode.swift; path = NewsTableViewCell.swift; sourceTree = "<group>"; };
		551EC6D527FA4984004E92E3 /* NewsTableViewCell.xib */ = {isa = PBXFileReference; lastKnownFileType = file.xib; path = NewsTableViewCell.xib; sourceTree = "<group>"; };
		551EC6DE27FA4F69004E92E3 /* NewsViewController+TableView.swift */ = {isa = PBXFileReference; lastKnownFileType = sourcecode.swift; path = "NewsViewController+TableView.swift"; sourceTree = "<group>"; };
		55FC96CA27FB735800DA2090 /* String+Ext.swift */ = {isa = PBXFileReference; lastKnownFileType = sourcecode.swift; path = "String+Ext.swift"; sourceTree = "<group>"; };
		55FC96CE27FB737900DA2090 /* NewsModel.swift */ = {isa = PBXFileReference; lastKnownFileType = sourcecode.swift; path = NewsModel.swift; sourceTree = "<group>"; };
		55FC96D227FB739C00DA2090 /* ServiceManager.swift */ = {isa = PBXFileReference; lastKnownFileType = sourcecode.swift; path = ServiceManager.swift; sourceTree = "<group>"; };
		55FC96D727FB748400DA2090 /* NewsViewModel.swift */ = {isa = PBXFileReference; lastKnownFileType = sourcecode.swift; path = NewsViewModel.swift; sourceTree = "<group>"; };
		55FC96DB27FB959D00DA2090 /* UIImageView+Ext.swift */ = {isa = PBXFileReference; lastKnownFileType = sourcecode.swift; path = "UIImageView+Ext.swift"; sourceTree = "<group>"; };
/* End PBXFileReference section */

/* Begin PBXFrameworksBuildPhase section */
		551EC69227FA3F3C004E92E3 /* Frameworks */ = {
			isa = PBXFrameworksBuildPhase;
			buildActionMask = 2147483647;
			files = (
			);
			runOnlyForDeploymentPostprocessing = 0;
		};
		551EC6A827FA3F3F004E92E3 /* Frameworks */ = {
			isa = PBXFrameworksBuildPhase;
			buildActionMask = 2147483647;
			files = (
			);
			runOnlyForDeploymentPostprocessing = 0;
		};
		551EC6B227FA3F3F004E92E3 /* Frameworks */ = {
			isa = PBXFrameworksBuildPhase;
			buildActionMask = 2147483647;
			files = (
			);
			runOnlyForDeploymentPostprocessing = 0;
		};
/* End PBXFrameworksBuildPhase section */

/* Begin PBXGroup section */
		551EC68C27FA3F3C004E92E3 = {
			isa = PBXGroup;
			children = (
				551EC69727FA3F3C004E92E3 /* SampleNewsApp */,
				551EC6AE27FA3F3F004E92E3 /* SampleNewsAppTests */,
				551EC6B827FA3F3F004E92E3 /* SampleNewsAppUITests */,
				551EC69627FA3F3C004E92E3 /* Products */,
			);
			sourceTree = "<group>";
		};
		551EC69627FA3F3C004E92E3 /* Products */ = {
			isa = PBXGroup;
			children = (
				551EC69527FA3F3C004E92E3 /* SampleNewsApp.app */,
				551EC6AB27FA3F3F004E92E3 /* SampleNewsAppTests.xctest */,
				551EC6B527FA3F3F004E92E3 /* SampleNewsAppUITests.xctest */,
			);
			name = Products;
			sourceTree = "<group>";
		};
		551EC69727FA3F3C004E92E3 /* SampleNewsApp */ = {
			isa = PBXGroup;
			children = (
				55FC96D627FB747600DA2090 /* ViewModel */,
				55FC96C927FB41D300DA2090 /* Util */,
				55FC96C827FB41CB00DA2090 /* Manager */,
				551EC6D327FA4969004E92E3 /* Cell */,
				551EC6D227FA4962004E92E3 /* View */,
				551EC6CD27FA46A8004E92E3 /* Model */,
				551EC6CC27FA46A1004E92E3 /* Extension */,
				551EC6A127FA3F3E004E92E3 /* Assets.xcassets */,
				551EC6A327FA3F3E004E92E3 /* LaunchScreen.storyboard */,
				551EC6A627FA3F3E004E92E3 /* Info.plist */,
			);
			path = SampleNewsApp;
			sourceTree = "<group>";
		};
		551EC6AE27FA3F3F004E92E3 /* SampleNewsAppTests */ = {
			isa = PBXGroup;
			children = (
				551EC6AF27FA3F3F004E92E3 /* SampleNewsAppTests.swift */,
			);
			path = SampleNewsAppTests;
			sourceTree = "<group>";
		};
		551EC6B827FA3F3F004E92E3 /* SampleNewsAppUITests */ = {
			isa = PBXGroup;
			children = (
				551EC6B927FA3F3F004E92E3 /* SampleNewsAppUITests.swift */,
				551EC6BB27FA3F3F004E92E3 /* SampleNewsAppUITestsLaunchTests.swift */,
			);
			path = SampleNewsAppUITests;
			sourceTree = "<group>";
		};
		551EC6CC27FA46A1004E92E3 /* Extension */ = {
			isa = PBXGroup;
			children = (
				55FC96CA27FB735800DA2090 /* String+Ext.swift */,
				55FC96DB27FB959D00DA2090 /* UIImageView+Ext.swift */,
			);
			path = Extension;
			sourceTree = "<group>";
		};
		551EC6CD27FA46A8004E92E3 /* Model */ = {
			isa = PBXGroup;
			children = (
				55FC96CE27FB737900DA2090 /* NewsModel.swift */,
			);
			path = Model;
			sourceTree = "<group>";
		};
		551EC6D227FA4962004E92E3 /* View */ = {
			isa = PBXGroup;
			children = (
				551EC6DE27FA4F69004E92E3 /* NewsViewController+TableView.swift */,
				551EC69C27FA3F3C004E92E3 /* NewsViewController.swift */,
				551EC69E27FA3F3C004E92E3 /* Main.storyboard */,
			);
			path = View;
			sourceTree = "<group>";
		};
		551EC6D327FA4969004E92E3 /* Cell */ = {
			isa = PBXGroup;
			children = (
				551EC6D427FA4984004E92E3 /* NewsTableViewCell.swift */,
				551EC6D527FA4984004E92E3 /* NewsTableViewCell.xib */,
			);
			path = Cell;
			sourceTree = "<group>";
		};
		55FC96C827FB41CB00DA2090 /* Manager */ = {
			isa = PBXGroup;
			children = (
				55FC96D227FB739C00DA2090 /* ServiceManager.swift */,
			);
			path = Manager;
			sourceTree = "<group>";
		};
		55FC96C927FB41D300DA2090 /* Util */ = {
			isa = PBXGroup;
			children = (
				551EC69827FA3F3C004E92E3 /* AppDelegate.swift */,
				551EC69A27FA3F3C004E92E3 /* SceneDelegate.swift */,
			);
			path = Util;
			sourceTree = "<group>";
		};
		55FC96D627FB747600DA2090 /* ViewModel */ = {
			isa = PBXGroup;
			children = (
				55FC96D727FB748400DA2090 /* NewsViewModel.swift */,
			);
			path = ViewModel;
			sourceTree = "<group>";
		};
/* End PBXGroup section */

/* Begin PBXNativeTarget section */
		551EC69427FA3F3C004E92E3 /* SampleNewsApp */ = {
			isa = PBXNativeTarget;
			buildConfigurationList = 551EC6BF27FA3F3F004E92E3 /* Build configuration list for PBXNativeTarget "SampleNewsApp" */;
			buildPhases = (
				551EC69127FA3F3C004E92E3 /* Sources */,
				551EC69227FA3F3C004E92E3 /* Frameworks */,
				551EC69327FA3F3C004E92E3 /* Resources */,
			);
			buildRules = (
			);
			dependencies = (
			);
			name = SampleNewsApp;
			productName = SampleNewsApp;
			productReference = 551EC69527FA3F3C004E92E3 /* SampleNewsApp.app */;
			productType = "com.apple.product-type.application";
		};
		551EC6AA27FA3F3F004E92E3 /* SampleNewsAppTests */ = {
			isa = PBXNativeTarget;
			buildConfigurationList = 551EC6C227FA3F3F004E92E3 /* Build configuration list for PBXNativeTarget "SampleNewsAppTests" */;
			buildPhases = (
				551EC6A727FA3F3F004E92E3 /* Sources */,
				551EC6A827FA3F3F004E92E3 /* Frameworks */,
				551EC6A927FA3F3F004E92E3 /* Resources */,
			);
			buildRules = (
			);
			dependencies = (
				551EC6AD27FA3F3F004E92E3 /* PBXTargetDependency */,
			);
			name = SampleNewsAppTests;
			productName = SampleNewsAppTests;
			productReference = 551EC6AB27FA3F3F004E92E3 /* SampleNewsAppTests.xctest */;
			productType = "com.apple.product-type.bundle.unit-test";
		};
		551EC6B427FA3F3F004E92E3 /* SampleNewsAppUITests */ = {
			isa = PBXNativeTarget;
			buildConfigurationList = 551EC6C527FA3F3F004E92E3 /* Build configuration list for PBXNativeTarget "SampleNewsAppUITests" */;
			buildPhases = (
				551EC6B127FA3F3F004E92E3 /* Sources */,
				551EC6B227FA3F3F004E92E3 /* Frameworks */,
				551EC6B327FA3F3F004E92E3 /* Resources */,
			);
			buildRules = (
			);
			dependencies = (
				551EC6B727FA3F3F004E92E3 /* PBXTargetDependency */,
			);
			name = SampleNewsAppUITests;
			productName = SampleNewsAppUITests;
			productReference = 551EC6B527FA3F3F004E92E3 /* SampleNewsAppUITests.xctest */;
			productType = "com.apple.product-type.bundle.ui-testing";
		};
/* End PBXNativeTarget section */

/* Begin PBXProject section */
		551EC68D27FA3F3C004E92E3 /* Project object */ = {
			isa = PBXProject;
			attributes = {
				BuildIndependentTargetsInParallel = 1;
				LastSwiftUpdateCheck = 1310;
				LastUpgradeCheck = 1310;
				TargetAttributes = {
					551EC69427FA3F3C004E92E3 = {
						CreatedOnToolsVersion = 13.1;
					};
					551EC6AA27FA3F3F004E92E3 = {
						CreatedOnToolsVersion = 13.1;
						TestTargetID = 551EC69427FA3F3C004E92E3;
					};
					551EC6B427FA3F3F004E92E3 = {
						CreatedOnToolsVersion = 13.1;
						TestTargetID = 551EC69427FA3F3C004E92E3;
					};
				};
			};
			buildConfigurationList = 551EC69027FA3F3C004E92E3 /* Build configuration list for PBXProject "SampleNewsApp" */;
			compatibilityVersion = "Xcode 13.0";
			developmentRegion = en;
			hasScannedForEncodings = 0;
			knownRegions = (
				en,
				Base,
			);
			mainGroup = 551EC68C27FA3F3C004E92E3;
			productRefGroup = 551EC69627FA3F3C004E92E3 /* Products */;
			projectDirPath = "";
			projectRoot = "";
			targets = (
				551EC69427FA3F3C004E92E3 /* SampleNewsApp */,
				551EC6AA27FA3F3F004E92E3 /* SampleNewsAppTests */,
				551EC6B427FA3F3F004E92E3 /* SampleNewsAppUITests */,
			);
		};
/* End PBXProject section */

/* Begin PBXResourcesBuildPhase section */
		551EC69327FA3F3C004E92E3 /* Resources */ = {
			isa = PBXResourcesBuildPhase;
			buildActionMask = 2147483647;
			files = (
				551EC6A527FA3F3E004E92E3 /* LaunchScreen.storyboard in Resources */,
				551EC6A227FA3F3E004E92E3 /* Assets.xcassets in Resources */,
				551EC6D927FA4984004E92E3 /* NewsTableViewCell.xib in Resources */,
				551EC6A027FA3F3C004E92E3 /* Main.storyboard in Resources */,
			);
			runOnlyForDeploymentPostprocessing = 0;
		};
		551EC6A927FA3F3F004E92E3 /* Resources */ = {
			isa = PBXResourcesBuildPhase;
			buildActionMask = 2147483647;
			files = (
				551EC6DA27FA4984004E92E3 /* NewsTableViewCell.xib in Resources */,
				551EC6DD27FA4C18004E92E3 /* Main.storyboard in Resources */,
			);
			runOnlyForDeploymentPostprocessing = 0;
		};
		551EC6B327FA3F3F004E92E3 /* Resources */ = {
			isa = PBXResourcesBuildPhase;
			buildActionMask = 2147483647;
			files = (
				551EC6DB27FA4984004E92E3 /* NewsTableViewCell.xib in Resources */,
				551EC6DC27FA4C17004E92E3 /* Main.storyboard in Resources */,
			);
			runOnlyForDeploymentPostprocessing = 0;
		};
/* End PBXResourcesBuildPhase section */

/* Begin PBXSourcesBuildPhase section */
		551EC69127FA3F3C004E92E3 /* Sources */ = {
			isa = PBXSourcesBuildPhase;
			buildActionMask = 2147483647;
			files = (
				55FC96CF27FB737900DA2090 /* NewsModel.swift in Sources */,
				55FC96D827FB748400DA2090 /* NewsViewModel.swift in Sources */,
				55FC96CB27FB735800DA2090 /* String+Ext.swift in Sources */,
				551EC6DF27FA4F69004E92E3 /* NewsViewController+TableView.swift in Sources */,
				55FC96D327FB739C00DA2090 /* ServiceManager.swift in Sources */,
				551EC69D27FA3F3C004E92E3 /* NewsViewController.swift in Sources */,
				55FC96DC27FB959D00DA2090 /* UIImageView+Ext.swift in Sources */,
				551EC6D627FA4984004E92E3 /* NewsTableViewCell.swift in Sources */,
				551EC69927FA3F3C004E92E3 /* AppDelegate.swift in Sources */,
				551EC69B27FA3F3C004E92E3 /* SceneDelegate.swift in Sources */,
			);
			runOnlyForDeploymentPostprocessing = 0;
		};
		551EC6A727FA3F3F004E92E3 /* Sources */ = {
			isa = PBXSourcesBuildPhase;
			buildActionMask = 2147483647;
			files = (
				55FC96D027FB737900DA2090 /* NewsModel.swift in Sources */,
				55FC96D927FB748400DA2090 /* NewsViewModel.swift in Sources */,
				55FC96CC27FB735800DA2090 /* String+Ext.swift in Sources */,
				551EC6D727FA4984004E92E3 /* NewsTableViewCell.swift in Sources */,
				551EC6B027FA3F3F004E92E3 /* SampleNewsAppTests.swift in Sources */,
				55FC96D427FB739C00DA2090 /* ServiceManager.swift in Sources */,
				55FC96DD27FB959D00DA2090 /* UIImageView+Ext.swift in Sources */,
			);
			runOnlyForDeploymentPostprocessing = 0;
		};
		551EC6B127FA3F3F004E92E3 /* Sources */ = {
			isa = PBXSourcesBuildPhase;
			buildActionMask = 2147483647;
			files = (
				55FC96DE27FB959D00DA2090 /* UIImageView+Ext.swift in Sources */,
				551EC6D827FA4984004E92E3 /* NewsTableViewCell.swift in Sources */,
				551EC6BA27FA3F3F004E92E3 /* SampleNewsAppUITests.swift in Sources */,
				55FC96CD27FB735800DA2090 /* String+Ext.swift in Sources */,
				551EC6BC27FA3F3F004E92E3 /* SampleNewsAppUITestsLaunchTests.swift in Sources */,
				55FC96DA27FB748400DA2090 /* NewsViewModel.swift in Sources */,
				55FC96D127FB737900DA2090 /* NewsModel.swift in Sources */,
				55FC96D527FB739C00DA2090 /* ServiceManager.swift in Sources */,
			);
			runOnlyForDeploymentPostprocessing = 0;
		};
/* End PBXSourcesBuildPhase section */

/* Begin PBXTargetDependency section */
		551EC6AD27FA3F3F004E92E3 /* PBXTargetDependency */ = {
			isa = PBXTargetDependency;
			target = 551EC69427FA3F3C004E92E3 /* SampleNewsApp */;
			targetProxy = 551EC6AC27FA3F3F004E92E3 /* PBXContainerItemProxy */;
		};
		551EC6B727FA3F3F004E92E3 /* PBXTargetDependency */ = {
			isa = PBXTargetDependency;
			target = 551EC69427FA3F3C004E92E3 /* SampleNewsApp */;
			targetProxy = 551EC6B627FA3F3F004E92E3 /* PBXContainerItemProxy */;
		};
/* End PBXTargetDependency section */

/* Begin PBXVariantGroup section */
		551EC69E27FA3F3C004E92E3 /* Main.storyboard */ = {
			isa = PBXVariantGroup;
			children = (
				551EC69F27FA3F3C004E92E3 /* Base */,
			);
			name = Main.storyboard;
			sourceTree = "<group>";
		};
		551EC6A327FA3F3E004E92E3 /* LaunchScreen.storyboard */ = {
			isa = PBXVariantGroup;
			children = (
				551EC6A427FA3F3E004E92E3 /* Base */,
			);
			name = LaunchScreen.storyboard;
			sourceTree = "<group>";
		};
/* End PBXVariantGroup section */

/* Begin XCBuildConfiguration section */
		551EC6BD27FA3F3F004E92E3 /* Debug */ = {
			isa = XCBuildConfiguration;
			buildSettings = {
				ALWAYS_SEARCH_USER_PATHS = NO;
				CLANG_ANALYZER_NONNULL = YES;
				CLANG_ANALYZER_NUMBER_OBJECT_CONVERSION = YES_AGGRESSIVE;
				CLANG_CXX_LANGUAGE_STANDARD = "gnu++17";
				CLANG_CXX_LIBRARY = "libc++";
				CLANG_ENABLE_MODULES = YES;
				CLANG_ENABLE_OBJC_ARC = YES;
				CLANG_ENABLE_OBJC_WEAK = YES;
				CLANG_WARN_BLOCK_CAPTURE_AUTORELEASING = YES;
				CLANG_WARN_BOOL_CONVERSION = YES;
				CLANG_WARN_COMMA = YES;
				CLANG_WARN_CONSTANT_CONVERSION = YES;
				CLANG_WARN_DEPRECATED_OBJC_IMPLEMENTATIONS = YES;
				CLANG_WARN_DIRECT_OBJC_ISA_USAGE = YES_ERROR;
				CLANG_WARN_DOCUMENTATION_COMMENTS = YES;
				CLANG_WARN_EMPTY_BODY = YES;
				CLANG_WARN_ENUM_CONVERSION = YES;
				CLANG_WARN_INFINITE_RECURSION = YES;
				CLANG_WARN_INT_CONVERSION = YES;
				CLANG_WARN_NON_LITERAL_NULL_CONVERSION = YES;
				CLANG_WARN_OBJC_IMPLICIT_RETAIN_SELF = YES;
				CLANG_WARN_OBJC_LITERAL_CONVERSION = YES;
				CLANG_WARN_OBJC_ROOT_CLASS = YES_ERROR;
				CLANG_WARN_QUOTED_INCLUDE_IN_FRAMEWORK_HEADER = YES;
				CLANG_WARN_RANGE_LOOP_ANALYSIS = YES;
				CLANG_WARN_STRICT_PROTOTYPES = YES;
				CLANG_WARN_SUSPICIOUS_MOVE = YES;
				CLANG_WARN_UNGUARDED_AVAILABILITY = YES_AGGRESSIVE;
				CLANG_WARN_UNREACHABLE_CODE = YES;
				CLANG_WARN__DUPLICATE_METHOD_MATCH = YES;
				COPY_PHASE_STRIP = NO;
				DEBUG_INFORMATION_FORMAT = dwarf;
				ENABLE_STRICT_OBJC_MSGSEND = YES;
				ENABLE_TESTABILITY = YES;
				GCC_C_LANGUAGE_STANDARD = gnu11;
				GCC_DYNAMIC_NO_PIC = NO;
				GCC_NO_COMMON_BLOCKS = YES;
				GCC_OPTIMIZATION_LEVEL = 0;
				GCC_PREPROCESSOR_DEFINITIONS = (
					"DEBUG=1",
					"$(inherited)",
				);
				GCC_WARN_64_TO_32_BIT_CONVERSION = YES;
				GCC_WARN_ABOUT_RETURN_TYPE = YES_ERROR;
				GCC_WARN_UNDECLARED_SELECTOR = YES;
				GCC_WARN_UNINITIALIZED_AUTOS = YES_AGGRESSIVE;
				GCC_WARN_UNUSED_FUNCTION = YES;
				GCC_WARN_UNUSED_VARIABLE = YES;
				IPHONEOS_DEPLOYMENT_TARGET = 15.0;
				MTL_ENABLE_DEBUG_INFO = INCLUDE_SOURCE;
				MTL_FAST_MATH = YES;
				ONLY_ACTIVE_ARCH = YES;
				SDKROOT = iphoneos;
				SWIFT_ACTIVE_COMPILATION_CONDITIONS = DEBUG;
				SWIFT_OPTIMIZATION_LEVEL = "-Onone";
			};
			name = Debug;
		};
		551EC6BE27FA3F3F004E92E3 /* Release */ = {
			isa = XCBuildConfiguration;
			buildSettings = {
				ALWAYS_SEARCH_USER_PATHS = NO;
				CLANG_ANALYZER_NONNULL = YES;
				CLANG_ANALYZER_NUMBER_OBJECT_CONVERSION = YES_AGGRESSIVE;
				CLANG_CXX_LANGUAGE_STANDARD = "gnu++17";
				CLANG_CXX_LIBRARY = "libc++";
				CLANG_ENABLE_MODULES = YES;
				CLANG_ENABLE_OBJC_ARC = YES;
				CLANG_ENABLE_OBJC_WEAK = YES;
				CLANG_WARN_BLOCK_CAPTURE_AUTORELEASING = YES;
				CLANG_WARN_BOOL_CONVERSION = YES;
				CLANG_WARN_COMMA = YES;
				CLANG_WARN_CONSTANT_CONVERSION = YES;
				CLANG_WARN_DEPRECATED_OBJC_IMPLEMENTATIONS = YES;
				CLANG_WARN_DIRECT_OBJC_ISA_USAGE = YES_ERROR;
				CLANG_WARN_DOCUMENTATION_COMMENTS = YES;
				CLANG_WARN_EMPTY_BODY = YES;
				CLANG_WARN_ENUM_CONVERSION = YES;
				CLANG_WARN_INFINITE_RECURSION = YES;
				CLANG_WARN_INT_CONVERSION = YES;
				CLANG_WARN_NON_LITERAL_NULL_CONVERSION = YES;
				CLANG_WARN_OBJC_IMPLICIT_RETAIN_SELF = YES;
				CLANG_WARN_OBJC_LITERAL_CONVERSION = YES;
				CLANG_WARN_OBJC_ROOT_CLASS = YES_ERROR;
				CLANG_WARN_QUOTED_INCLUDE_IN_FRAMEWORK_HEADER = YES;
				CLANG_WARN_RANGE_LOOP_ANALYSIS = YES;
				CLANG_WARN_STRICT_PROTOTYPES = YES;
				CLANG_WARN_SUSPICIOUS_MOVE = YES;
				CLANG_WARN_UNGUARDED_AVAILABILITY = YES_AGGRESSIVE;
				CLANG_WARN_UNREACHABLE_CODE = YES;
				CLANG_WARN__DUPLICATE_METHOD_MATCH = YES;
				COPY_PHASE_STRIP = NO;
				DEBUG_INFORMATION_FORMAT = "dwarf-with-dsym";
				ENABLE_NS_ASSERTIONS = NO;
				ENABLE_STRICT_OBJC_MSGSEND = YES;
				GCC_C_LANGUAGE_STANDARD = gnu11;
				GCC_NO_COMMON_BLOCKS = YES;
				GCC_WARN_64_TO_32_BIT_CONVERSION = YES;
				GCC_WARN_ABOUT_RETURN_TYPE = YES_ERROR;
				GCC_WARN_UNDECLARED_SELECTOR = YES;
				GCC_WARN_UNINITIALIZED_AUTOS = YES_AGGRESSIVE;
				GCC_WARN_UNUSED_FUNCTION = YES;
				GCC_WARN_UNUSED_VARIABLE = YES;
				IPHONEOS_DEPLOYMENT_TARGET = 15.0;
				MTL_ENABLE_DEBUG_INFO = NO;
				MTL_FAST_MATH = YES;
				SDKROOT = iphoneos;
				SWIFT_COMPILATION_MODE = wholemodule;
				SWIFT_OPTIMIZATION_LEVEL = "-O";
				VALIDATE_PRODUCT = YES;
			};
			name = Release;
		};
		551EC6C027FA3F3F004E92E3 /* Debug */ = {
			isa = XCBuildConfiguration;
			buildSettings = {
				ASSETCATALOG_COMPILER_APPICON_NAME = AppIcon;
				ASSETCATALOG_COMPILER_GLOBAL_ACCENT_COLOR_NAME = AccentColor;
				CODE_SIGN_STYLE = Automatic;
				CURRENT_PROJECT_VERSION = 1;
				GENERATE_INFOPLIST_FILE = YES;
				INFOPLIST_FILE = SampleNewsApp/Info.plist;
				INFOPLIST_KEY_UIApplicationSupportsIndirectInputEvents = YES;
				INFOPLIST_KEY_UILaunchStoryboardName = LaunchScreen;
				INFOPLIST_KEY_UIMainStoryboardFile = Main;
				INFOPLIST_KEY_UISupportedInterfaceOrientations_iPad = "UIInterfaceOrientationPortrait UIInterfaceOrientationPortraitUpsideDown UIInterfaceOrientationLandscapeLeft UIInterfaceOrientationLandscapeRight";
				INFOPLIST_KEY_UISupportedInterfaceOrientations_iPhone = "UIInterfaceOrientationPortrait UIInterfaceOrientationLandscapeLeft UIInterfaceOrientationLandscapeRight";
				LD_RUNPATH_SEARCH_PATHS = (
					"$(inherited)",
					"@executable_path/Frameworks",
				);
				MARKETING_VERSION = 1.0;
				PRODUCT_BUNDLE_IDENTIFIER = com.guelec.SampleNewsApp;
				PRODUCT_NAME = "$(TARGET_NAME)";
				SWIFT_EMIT_LOC_STRINGS = YES;
				SWIFT_VERSION = 5.0;
				TARGETED_DEVICE_FAMILY = "1,2";
			};
			name = Debug;
		};
		551EC6C127FA3F3F004E92E3 /* Release */ = {
			isa = XCBuildConfiguration;
			buildSettings = {
				ASSETCATALOG_COMPILER_APPICON_NAME = AppIcon;
				ASSETCATALOG_COMPILER_GLOBAL_ACCENT_COLOR_NAME = AccentColor;
				CODE_SIGN_STYLE = Automatic;
				CURRENT_PROJECT_VERSION = 1;
				GENERATE_INFOPLIST_FILE = YES;
				INFOPLIST_FILE = SampleNewsApp/Info.plist;
				INFOPLIST_KEY_UIApplicationSupportsIndirectInputEvents = YES;
				INFOPLIST_KEY_UILaunchStoryboardName = LaunchScreen;
				INFOPLIST_KEY_UIMainStoryboardFile = Main;
				INFOPLIST_KEY_UISupportedInterfaceOrientations_iPad = "UIInterfaceOrientationPortrait UIInterfaceOrientationPortraitUpsideDown UIInterfaceOrientationLandscapeLeft UIInterfaceOrientationLandscapeRight";
				INFOPLIST_KEY_UISupportedInterfaceOrientations_iPhone = "UIInterfaceOrientationPortrait UIInterfaceOrientationLandscapeLeft UIInterfaceOrientationLandscapeRight";
				LD_RUNPATH_SEARCH_PATHS = (
					"$(inherited)",
					"@executable_path/Frameworks",
				);
				MARKETING_VERSION = 1.0;
				PRODUCT_BUNDLE_IDENTIFIER = com.guelec.SampleNewsApp;
				PRODUCT_NAME = "$(TARGET_NAME)";
				SWIFT_EMIT_LOC_STRINGS = YES;
				SWIFT_VERSION = 5.0;
				TARGETED_DEVICE_FAMILY = "1,2";
			};
			name = Release;
		};
		551EC6C327FA3F3F004E92E3 /* Debug */ = {
			isa = XCBuildConfiguration;
			buildSettings = {
				ALWAYS_EMBED_SWIFT_STANDARD_LIBRARIES = YES;
				BUNDLE_LOADER = "$(TEST_HOST)";
				CODE_SIGN_STYLE = Automatic;
				CURRENT_PROJECT_VERSION = 1;
				GENERATE_INFOPLIST_FILE = YES;
				IPHONEOS_DEPLOYMENT_TARGET = 15.0;
				LD_RUNPATH_SEARCH_PATHS = (
					"$(inherited)",
					"@executable_path/Frameworks",
					"@loader_path/Frameworks",
				);
				MARKETING_VERSION = 1.0;
				PRODUCT_BUNDLE_IDENTIFIER = com.guelec.SampleNewsAppTests;
				PRODUCT_NAME = "$(TARGET_NAME)";
				SWIFT_EMIT_LOC_STRINGS = NO;
				SWIFT_VERSION = 5.0;
				TARGETED_DEVICE_FAMILY = "1,2";
				TEST_HOST = "$(BUILT_PRODUCTS_DIR)/SampleNewsApp.app/SampleNewsApp";
			};
			name = Debug;
		};
		551EC6C427FA3F3F004E92E3 /* Release */ = {
			isa = XCBuildConfiguration;
			buildSettings = {
				ALWAYS_EMBED_SWIFT_STANDARD_LIBRARIES = YES;
				BUNDLE_LOADER = "$(TEST_HOST)";
				CODE_SIGN_STYLE = Automatic;
				CURRENT_PROJECT_VERSION = 1;
				GENERATE_INFOPLIST_FILE = YES;
				IPHONEOS_DEPLOYMENT_TARGET = 15.0;
				LD_RUNPATH_SEARCH_PATHS = (
					"$(inherited)",
					"@executable_path/Frameworks",
					"@loader_path/Frameworks",
				);
				MARKETING_VERSION = 1.0;
				PRODUCT_BUNDLE_IDENTIFIER = com.guelec.SampleNewsAppTests;
				PRODUCT_NAME = "$(TARGET_NAME)";
				SWIFT_EMIT_LOC_STRINGS = NO;
				SWIFT_VERSION = 5.0;
				TARGETED_DEVICE_FAMILY = "1,2";
				TEST_HOST = "$(BUILT_PRODUCTS_DIR)/SampleNewsApp.app/SampleNewsApp";
			};
			name = Release;
		};
		551EC6C627FA3F3F004E92E3 /* Debug */ = {
			isa = XCBuildConfiguration;
			buildSettings = {
				ALWAYS_EMBED_SWIFT_STANDARD_LIBRARIES = YES;
				CODE_SIGN_STYLE = Automatic;
				CURRENT_PROJECT_VERSION = 1;
				GENERATE_INFOPLIST_FILE = YES;
				LD_RUNPATH_SEARCH_PATHS = (
					"$(inherited)",
					"@executable_path/Frameworks",
					"@loader_path/Frameworks",
				);
				MARKETING_VERSION = 1.0;
				PRODUCT_BUNDLE_IDENTIFIER = com.guelec.SampleNewsAppUITests;
				PRODUCT_NAME = "$(TARGET_NAME)";
				SWIFT_EMIT_LOC_STRINGS = NO;
				SWIFT_VERSION = 5.0;
				TARGETED_DEVICE_FAMILY = "1,2";
				TEST_TARGET_NAME = SampleNewsApp;
			};
			name = Debug;
		};
		551EC6C727FA3F3F004E92E3 /* Release */ = {
			isa = XCBuildConfiguration;
			buildSettings = {
				ALWAYS_EMBED_SWIFT_STANDARD_LIBRARIES = YES;
				CODE_SIGN_STYLE = Automatic;
				CURRENT_PROJECT_VERSION = 1;
				GENERATE_INFOPLIST_FILE = YES;
				LD_RUNPATH_SEARCH_PATHS = (
					"$(inherited)",
					"@executable_path/Frameworks",
					"@loader_path/Frameworks",
				);
				MARKETING_VERSION = 1.0;
				PRODUCT_BUNDLE_IDENTIFIER = com.guelec.SampleNewsAppUITests;
				PRODUCT_NAME = "$(TARGET_NAME)";
				SWIFT_EMIT_LOC_STRINGS = NO;
				SWIFT_VERSION = 5.0;
				TARGETED_DEVICE_FAMILY = "1,2";
				TEST_TARGET_NAME = SampleNewsApp;
			};
			name = Release;
		};
/* End XCBuildConfiguration section */

/* Begin XCConfigurationList section */
		551EC69027FA3F3C004E92E3 /* Build configuration list for PBXProject "SampleNewsApp" */ = {
			isa = XCConfigurationList;
			buildConfigurations = (
				551EC6BD27FA3F3F004E92E3 /* Debug */,
				551EC6BE27FA3F3F004E92E3 /* Release */,
			);
			defaultConfigurationIsVisible = 0;
			defaultConfigurationName = Release;
		};
		551EC6BF27FA3F3F004E92E3 /* Build configuration list for PBXNativeTarget "SampleNewsApp" */ = {
			isa = XCConfigurationList;
			buildConfigurations = (
				551EC6C027FA3F3F004E92E3 /* Debug */,
				551EC6C127FA3F3F004E92E3 /* Release */,
			);
			defaultConfigurationIsVisible = 0;
			defaultConfigurationName = Release;
		};
		551EC6C227FA3F3F004E92E3 /* Build configuration list for PBXNativeTarget "SampleNewsAppTests" */ = {
			isa = XCConfigurationList;
			buildConfigurations = (
				551EC6C327FA3F3F004E92E3 /* Debug */,
				551EC6C427FA3F3F004E92E3 /* Release */,
			);
			defaultConfigurationIsVisible = 0;
			defaultConfigurationName = Release;
		};
		551EC6C527FA3F3F004E92E3 /* Build configuration list for PBXNativeTarget "SampleNewsAppUITests" */ = {
			isa = XCConfigurationList;
			buildConfigurations = (
				551EC6C627FA3F3F004E92E3 /* Debug */,
				551EC6C727FA3F3F004E92E3 /* Release */,
			);
			defaultConfigurationIsVisible = 0;
			defaultConfigurationName = Release;
		};
/* End XCConfigurationList section */
	};
	rootObject = 551EC68D27FA3F3C004E92E3 /* Project object */;
}
